
Microsoft Visual Studio Solution File, Format Version 12.00
# Visual Studio Version 17
VisualStudioVersion = 17.11.35327.3
MinimumVisualStudioVersion = 10.0.40219.1
Project("{9A19103F-16F7-4668-BE54-9A1E7A4F7556}") = "MusicCollection0.API", "MusicCollection0.API\MusicCollection0.API.csproj", "{F4E31E70-B38A-432A-A33B-373D23C933AC}"
EndProject
Project("{FAE04EC0-301F-11D3-BF4B-00C04F79EFBC}") = "DataAccess", "DataAccess\DataAccess.csproj", "{519D9D95-AC71-4910-B9BB-CD72E71ECE58}"
EndProject
Global
	GlobalSection(SolutionConfigurationPlatforms) = preSolution
		Debug|Any CPU = Debug|Any CPU
		Release|Any CPU = Release|Any CPU
	EndGlobalSection
	GlobalSection(ProjectConfigurationPlatforms) = postSolution
		{F4E31E70-B38A-432A-A33B-373D23C933AC}.Debug|Any CPU.ActiveCfg = Debug|Any CPU
		{F4E31E70-B38A-432A-A33B-373D23C933AC}.Debug|Any CPU.Build.0 = Debug|Any CPU
		{F4E31E70-B38A-432A-A33B-373D23C933AC}.Release|Any CPU.ActiveCfg = Release|Any CPU
		{F4E31E70-B38A-432A-A33B-373D23C933AC}.Release|Any CPU.Build.0 = Release|Any CPU
		{519D9D95-AC71-4910-B9BB-CD72E71ECE58}.Debug|Any CPU.ActiveCfg = Debug|Any CPU
		{519D9D95-AC71-4910-B9BB-CD72E71ECE58}.Debug|Any CPU.Build.0 = Debug|Any CPU
		{519D9D95-AC71-4910-B9BB-CD72E71ECE58}.Release|Any CPU.ActiveCfg = Release|Any CPU
		{519D9D95-AC71-4910-B9BB-CD72E71ECE58}.Release|Any CPU.Build.0 = Release|Any CPU
	EndGlobalSection
	GlobalSection(SolutionProperties) = preSolution
		HideSolutionNode = FALSE
	EndGlobalSection
	GlobalSection(ExtensibilityGlobals) = postSolution
		SolutionGuid = {022021FF-8D2F-415A-8DC8-41C0BF100112}
	EndGlobalSection
EndGlobal
